
Microsoft Visual Studio Solution File, Format Version 12.00
# Visual Studio Version 16
VisualStudioVersion = 16.0.29709.97
MinimumVisualStudioVersion = 10.0.40219.1
Project("{FAE04EC0-301F-11D3-BF4B-00C04F79EFBC}") = "StackReverseString", "StackReverseString.csproj", "{14744A18-6B2B-4D03-A5A2-55E99DB4FFFD}"
EndProject
Global
	GlobalSection(SolutionConfigurationPlatforms) = preSolution
		Debug|Any CPU = Debug|Any CPU
		Release|Any CPU = Release|Any CPU
	EndGlobalSection
	GlobalSection(ProjectConfigurationPlatforms) = postSolution
		{14744A18-6B2B-4D03-A5A2-55E99DB4FFFD}.Debug|Any CPU.ActiveCfg = Debug|Any CPU
		{14744A18-6B2B-4D03-A5A2-55E99DB4FFFD}.Debug|Any CPU.Build.0 = Debug|Any CPU
		{14744A18-6B2B-4D03-A5A2-55E99DB4FFFD}.Release|Any CPU.ActiveCfg = Release|Any CPU
		{14744A18-6B2B-4D03-A5A2-55E99DB4FFFD}.Release|Any CPU.Build.0 = Release|Any CPU
	EndGlobalSection
	GlobalSection(SolutionProperties) = preSolution
		HideSolutionNode = FALSE
	EndGlobalSection
	GlobalSection(ExtensibilityGlobals) = postSolution
		SolutionGuid = {B2B62268-C252-4F26-8A52-8634BEE65CAA}
	EndGlobalSection
EndGlobal
